
Microsoft Visual Studio Solution File, Format Version 12.00
# Visual Studio 15
VisualStudioVersion = 15.0.28307.539
MinimumVisualStudioVersion = 10.0.40219.1
Project("{9A19103F-16F7-4668-BE54-9A1E7A4F7556}") = "SingleResponsabilityPrinciple", "SingleResponsabilityPrinciple\SingleResponsabilityPrinciple.csproj", "{2CDBBB11-8487-403F-B65E-219625AB5FD5}"
EndProject
Project("{9A19103F-16F7-4668-BE54-9A1E7A4F7556}") = "Acoplamento", "Acoplamento\Acoplamento.csproj", "{B7F65856-C4CC-420D-AD5A-4AABFD8474CE}"
EndProject
Project("{9A19103F-16F7-4668-BE54-9A1E7A4F7556}") = "OCP e DIP", "OCP e DIP\OCP e DIP.csproj", "{AC98F3C2-4E6B-4235-AB3E-F2A332479DFC}"
EndProject
Project("{9A19103F-16F7-4668-BE54-9A1E7A4F7556}") = "Encapsulamento", "Encapsulamento\Encapsulamento.csproj", "{627DD5DB-F10E-4C9A-9426-F519D04880D8}"
EndProject
Project("{FAE04EC0-301F-11D3-BF4B-00C04F79EFBC}") = "LiskovSubstituvePrinciple", "LiskovSubstituvePrinciple\LiskovSubstituvePrinciple.csproj", "{57ED28D2-5D97-4438-B6FA-D9E864E32043}"
EndProject
Global
	GlobalSection(SolutionConfigurationPlatforms) = preSolution
		Debug|Any CPU = Debug|Any CPU
		Release|Any CPU = Release|Any CPU
	EndGlobalSection
	GlobalSection(ProjectConfigurationPlatforms) = postSolution
		{2CDBBB11-8487-403F-B65E-219625AB5FD5}.Debug|Any CPU.ActiveCfg = Debug|Any CPU
		{2CDBBB11-8487-403F-B65E-219625AB5FD5}.Debug|Any CPU.Build.0 = Debug|Any CPU
		{2CDBBB11-8487-403F-B65E-219625AB5FD5}.Release|Any CPU.ActiveCfg = Release|Any CPU
		{2CDBBB11-8487-403F-B65E-219625AB5FD5}.Release|Any CPU.Build.0 = Release|Any CPU
		{B7F65856-C4CC-420D-AD5A-4AABFD8474CE}.Debug|Any CPU.ActiveCfg = Debug|Any CPU
		{B7F65856-C4CC-420D-AD5A-4AABFD8474CE}.Debug|Any CPU.Build.0 = Debug|Any CPU
		{B7F65856-C4CC-420D-AD5A-4AABFD8474CE}.Release|Any CPU.ActiveCfg = Release|Any CPU
		{B7F65856-C4CC-420D-AD5A-4AABFD8474CE}.Release|Any CPU.Build.0 = Release|Any CPU
		{AC98F3C2-4E6B-4235-AB3E-F2A332479DFC}.Debug|Any CPU.ActiveCfg = Debug|Any CPU
		{AC98F3C2-4E6B-4235-AB3E-F2A332479DFC}.Debug|Any CPU.Build.0 = Debug|Any CPU
		{AC98F3C2-4E6B-4235-AB3E-F2A332479DFC}.Release|Any CPU.ActiveCfg = Release|Any CPU
		{AC98F3C2-4E6B-4235-AB3E-F2A332479DFC}.Release|Any CPU.Build.0 = Release|Any CPU
		{627DD5DB-F10E-4C9A-9426-F519D04880D8}.Debug|Any CPU.ActiveCfg = Debug|Any CPU
		{627DD5DB-F10E-4C9A-9426-F519D04880D8}.Debug|Any CPU.Build.0 = Debug|Any CPU
		{627DD5DB-F10E-4C9A-9426-F519D04880D8}.Release|Any CPU.ActiveCfg = Release|Any CPU
		{627DD5DB-F10E-4C9A-9426-F519D04880D8}.Release|Any CPU.Build.0 = Release|Any CPU
		{57ED28D2-5D97-4438-B6FA-D9E864E32043}.Debug|Any CPU.ActiveCfg = Debug|Any CPU
		{57ED28D2-5D97-4438-B6FA-D9E864E32043}.Debug|Any CPU.Build.0 = Debug|Any CPU
		{57ED28D2-5D97-4438-B6FA-D9E864E32043}.Release|Any CPU.ActiveCfg = Release|Any CPU
		{57ED28D2-5D97-4438-B6FA-D9E864E32043}.Release|Any CPU.Build.0 = Release|Any CPU
	EndGlobalSection
	GlobalSection(SolutionProperties) = preSolution
		HideSolutionNode = FALSE
	EndGlobalSection
	GlobalSection(ExtensibilityGlobals) = postSolution
		SolutionGuid = {73D8C4A1-BB96-4912-A374-22C3C4DEFBAB}
	EndGlobalSection
EndGlobal
